// !$*UTF8*$!
{
	archiveVersion = 1;
	classes = {
	};
	objectVersion = 50;
	objects = {

/* Begin PBXBuildFile section */
		47212FDB2156512C00FA2DAC /* AppDelegate.swift in Sources */ = {isa = PBXBuildFile; fileRef = 47212FDA2156512C00FA2DAC /* AppDelegate.swift */; };
		47212FDD2156512C00FA2DAC /* LoginViewController.swift in Sources */ = {isa = PBXBuildFile; fileRef = 47212FDC2156512C00FA2DAC /* LoginViewController.swift */; };
		47212FE02156512C00FA2DAC /* Main.storyboard in Resources */ = {isa = PBXBuildFile; fileRef = 47212FDE2156512C00FA2DAC /* Main.storyboard */; };
		47212FE22156512D00FA2DAC /* Assets.xcassets in Resources */ = {isa = PBXBuildFile; fileRef = 47212FE12156512D00FA2DAC /* Assets.xcassets */; };
		47212FE52156512D00FA2DAC /* LaunchScreen.storyboard in Resources */ = {isa = PBXBuildFile; fileRef = 47212FE32156512D00FA2DAC /* LaunchScreen.storyboard */; };
		478D1C24215A46AD00F0784A /* TaggedPlacesResponseModel.swift in Sources */ = {isa = PBXBuildFile; fileRef = 478D1C23215A46AD00F0784A /* TaggedPlacesResponseModel.swift */; };
		478D1C26215A5EE500F0784A /* MyProfileRequest.swift in Sources */ = {isa = PBXBuildFile; fileRef = 478D1C25215A5EE500F0784A /* MyProfileRequest.swift */; };
		478D1C28215BB6C300F0784A /* NotificationExtension.swift in Sources */ = {isa = PBXBuildFile; fileRef = 478D1C27215BB6C300F0784A /* NotificationExtension.swift */; };
		478D1C2A215CF0CF00F0784A /* ListTableViewController.swift in Sources */ = {isa = PBXBuildFile; fileRef = 478D1C29215CF0CF00F0784A /* ListTableViewController.swift */; };
		478D1C2E215D3EFF00F0784A /* DetailsTableViewController.swift in Sources */ = {isa = PBXBuildFile; fileRef = 478D1C2D215D3EFF00F0784A /* DetailsTableViewController.swift */; };
		478D1C30215D5A7F00F0784A /* DateExtension.swift in Sources */ = {isa = PBXBuildFile; fileRef = 478D1C2F215D5A7F00F0784A /* DateExtension.swift */; };
		478D1C32215D5C2200F0784A /* StringExtension.swift in Sources */ = {isa = PBXBuildFile; fileRef = 478D1C31215D5C2200F0784A /* StringExtension.swift */; };
		478D1C38215DF4D800F0784A /* TaggedPlaceModel.swift in Sources */ = {isa = PBXBuildFile; fileRef = 478D1C37215DF4D800F0784A /* TaggedPlaceModel.swift */; };
		478D1C3A215DF54D00F0784A /* PlaceModel.swift in Sources */ = {isa = PBXBuildFile; fileRef = 478D1C39215DF54D00F0784A /* PlaceModel.swift */; };
		478D1C3C215DF56400F0784A /* LocationModel.swift in Sources */ = {isa = PBXBuildFile; fileRef = 478D1C3B215DF56400F0784A /* LocationModel.swift */; };
		478D1C44215F8C8700F0784A /* MainTableViewCell.swift in Sources */ = {isa = PBXBuildFile; fileRef = 478D1C43215F8C8700F0784A /* MainTableViewCell.swift */; };
		478D1C462160BE2700F0784A /* NothingFoundTableViewCell.swift in Sources */ = {isa = PBXBuildFile; fileRef = 478D1C452160BE2700F0784A /* NothingFoundTableViewCell.swift */; };
		478D1C492161093600F0784A /* MapTableViewCell.swift in Sources */ = {isa = PBXBuildFile; fileRef = 478D1C482161093600F0784A /* MapTableViewCell.swift */; };
		478D1C4B2161095500F0784A /* DetailTableViewCell.swift in Sources */ = {isa = PBXBuildFile; fileRef = 478D1C4A2161095500F0784A /* DetailTableViewCell.swift */; };
		47C51B2221592EE900F13ECE /* MapViewController.swift in Sources */ = {isa = PBXBuildFile; fileRef = 47C51B2121592EE900F13ECE /* MapViewController.swift */; };
		47C8513F2156B91A00CF7DE2 /* MyTabBarController.swift in Sources */ = {isa = PBXBuildFile; fileRef = 47C8513E2156B91A00CF7DE2 /* MyTabBarController.swift */; };
		47F68EF22156A7F100C64FF5 /* LogoutViewController.swift in Sources */ = {isa = PBXBuildFile; fileRef = 47F68EF12156A7F100C64FF5 /* LogoutViewController.swift */; };
		F29C0369EB7BC2DD8868064C /* Pods_CheckInKeeper.framework in Frameworks */ = {isa = PBXBuildFile; fileRef = 4390CC31A991098F259CD662 /* Pods_CheckInKeeper.framework */; };
/* End PBXBuildFile section */

/* Begin PBXFileReference section */
		0A61A8FBC83316433720D49E /* Pods-CheckInKeeper.release.xcconfig */ = {isa = PBXFileReference; includeInIndex = 1; lastKnownFileType = text.xcconfig; name = "Pods-CheckInKeeper.release.xcconfig"; path = "Pods/Target Support Files/Pods-CheckInKeeper/Pods-CheckInKeeper.release.xcconfig"; sourceTree = "<group>"; };
		2A97B7B00D9651512F810915 /* Pods-CheckInKeeper.debug.xcconfig */ = {isa = PBXFileReference; includeInIndex = 1; lastKnownFileType = text.xcconfig; name = "Pods-CheckInKeeper.debug.xcconfig"; path = "Pods/Target Support Files/Pods-CheckInKeeper/Pods-CheckInKeeper.debug.xcconfig"; sourceTree = "<group>"; };
		4390CC31A991098F259CD662 /* Pods_CheckInKeeper.framework */ = {isa = PBXFileReference; explicitFileType = wrapper.framework; includeInIndex = 0; path = Pods_CheckInKeeper.framework; sourceTree = BUILT_PRODUCTS_DIR; };
		47212FD72156512C00FA2DAC /* CheckInKeeper.app */ = {isa = PBXFileReference; explicitFileType = wrapper.application; includeInIndex = 0; path = CheckInKeeper.app; sourceTree = BUILT_PRODUCTS_DIR; };
		47212FDA2156512C00FA2DAC /* AppDelegate.swift */ = {isa = PBXFileReference; lastKnownFileType = sourcecode.swift; path = AppDelegate.swift; sourceTree = "<group>"; };
		47212FDC2156512C00FA2DAC /* LoginViewController.swift */ = {isa = PBXFileReference; lastKnownFileType = sourcecode.swift; path = LoginViewController.swift; sourceTree = "<group>"; };
		47212FDF2156512C00FA2DAC /* Base */ = {isa = PBXFileReference; lastKnownFileType = file.storyboard; name = Base; path = Base.lproj/Main.storyboard; sourceTree = "<group>"; };
		47212FE12156512D00FA2DAC /* Assets.xcassets */ = {isa = PBXFileReference; lastKnownFileType = folder.assetcatalog; path = Assets.xcassets; sourceTree = "<group>"; };
		47212FE42156512D00FA2DAC /* Base */ = {isa = PBXFileReference; lastKnownFileType = file.storyboard; name = Base; path = Base.lproj/LaunchScreen.storyboard; sourceTree = "<group>"; };
		47212FE62156512D00FA2DAC /* Info.plist */ = {isa = PBXFileReference; lastKnownFileType = text.plist.xml; path = Info.plist; sourceTree = "<group>"; };
		478D1C23215A46AD00F0784A /* TaggedPlacesResponseModel.swift */ = {isa = PBXFileReference; lastKnownFileType = sourcecode.swift; path = TaggedPlacesResponseModel.swift; sourceTree = "<group>"; };
		478D1C25215A5EE500F0784A /* MyProfileRequest.swift */ = {isa = PBXFileReference; lastKnownFileType = sourcecode.swift; path = MyProfileRequest.swift; sourceTree = "<group>"; };
		478D1C27215BB6C300F0784A /* NotificationExtension.swift */ = {isa = PBXFileReference; lastKnownFileType = sourcecode.swift; path = NotificationExtension.swift; sourceTree = "<group>"; };
		478D1C29215CF0CF00F0784A /* ListTableViewController.swift */ = {isa = PBXFileReference; lastKnownFileType = sourcecode.swift; path = ListTableViewController.swift; sourceTree = "<group>"; };
		478D1C2D215D3EFF00F0784A /* DetailsTableViewController.swift */ = {isa = PBXFileReference; lastKnownFileType = sourcecode.swift; path = DetailsTableViewController.swift; sourceTree = "<group>"; };
		478D1C2F215D5A7F00F0784A /* DateExtension.swift */ = {isa = PBXFileReference; lastKnownFileType = sourcecode.swift; path = DateExtension.swift; sourceTree = "<group>"; };
		478D1C31215D5C2200F0784A /* StringExtension.swift */ = {isa = PBXFileReference; lastKnownFileType = sourcecode.swift; path = StringExtension.swift; sourceTree = "<group>"; };
		478D1C37215DF4D800F0784A /* TaggedPlaceModel.swift */ = {isa = PBXFileReference; lastKnownFileType = sourcecode.swift; path = TaggedPlaceModel.swift; sourceTree = "<group>"; };
		478D1C39215DF54D00F0784A /* PlaceModel.swift */ = {isa = PBXFileReference; lastKnownFileType = sourcecode.swift; path = PlaceModel.swift; sourceTree = "<group>"; };
		478D1C3B215DF56400F0784A /* LocationModel.swift */ = {isa = PBXFileReference; lastKnownFileType = sourcecode.swift; path = LocationModel.swift; sourceTree = "<group>"; };
		478D1C43215F8C8700F0784A /* MainTableViewCell.swift */ = {isa = PBXFileReference; lastKnownFileType = sourcecode.swift; path = MainTableViewCell.swift; sourceTree = "<group>"; };
		478D1C452160BE2700F0784A /* NothingFoundTableViewCell.swift */ = {isa = PBXFileReference; lastKnownFileType = sourcecode.swift; path = NothingFoundTableViewCell.swift; sourceTree = "<group>"; };
		478D1C482161093600F0784A /* MapTableViewCell.swift */ = {isa = PBXFileReference; lastKnownFileType = sourcecode.swift; path = MapTableViewCell.swift; sourceTree = "<group>"; };
		478D1C4A2161095500F0784A /* DetailTableViewCell.swift */ = {isa = PBXFileReference; lastKnownFileType = sourcecode.swift; path = DetailTableViewCell.swift; sourceTree = "<group>"; };
		47C51B2121592EE900F13ECE /* MapViewController.swift */ = {isa = PBXFileReference; lastKnownFileType = sourcecode.swift; path = MapViewController.swift; sourceTree = "<group>"; };
		47C8513E2156B91A00CF7DE2 /* MyTabBarController.swift */ = {isa = PBXFileReference; lastKnownFileType = sourcecode.swift; path = MyTabBarController.swift; sourceTree = "<group>"; };
		47F68EF12156A7F100C64FF5 /* LogoutViewController.swift */ = {isa = PBXFileReference; lastKnownFileType = sourcecode.swift; path = LogoutViewController.swift; sourceTree = "<group>"; };
/* End PBXFileReference section */

/* Begin PBXFrameworksBuildPhase section */
		47212FD42156512C00FA2DAC /* Frameworks */ = {
			isa = PBXFrameworksBuildPhase;
			buildActionMask = 2147483647;
			files = (
				F29C0369EB7BC2DD8868064C /* Pods_CheckInKeeper.framework in Frameworks */,
			);
			runOnlyForDeploymentPostprocessing = 0;
		};
/* End PBXFrameworksBuildPhase section */

/* Begin PBXGroup section */
		47212FCE2156512C00FA2DAC = {
			isa = PBXGroup;
			children = (
				47212FD92156512C00FA2DAC /* CheckInKeeper */,
				47212FD82156512C00FA2DAC /* Products */,
				E6EC32C785234C3000B4F8A3 /* Pods */,
				8E271CC4EB8A149E087B0122 /* Frameworks */,
			);
			sourceTree = "<group>";
		};
		47212FD82156512C00FA2DAC /* Products */ = {
			isa = PBXGroup;
			children = (
				47212FD72156512C00FA2DAC /* CheckInKeeper.app */,
			);
			name = Products;
			sourceTree = "<group>";
		};
		47212FD92156512C00FA2DAC /* CheckInKeeper */ = {
			isa = PBXGroup;
			children = (
				47212FDA2156512C00FA2DAC /* AppDelegate.swift */,
				478D1C472161090000F0784A /* Cells */,
				478D1C36215D613000F0784A /* Helpers */,
				47212FE62156512D00FA2DAC /* Info.plist */,
				478D1C33215D60A400F0784A /* Models */,
				478D1C35215D611A00F0784A /* Resources */,
				478D1C34215D60E600F0784A /* ViewControllers */,
			);
			path = CheckInKeeper;
			sourceTree = "<group>";
		};
		478D1C33215D60A400F0784A /* Models */ = {
			isa = PBXGroup;
			children = (
				478D1C3B215DF56400F0784A /* LocationModel.swift */,
				478D1C25215A5EE500F0784A /* MyProfileRequest.swift */,
				478D1C39215DF54D00F0784A /* PlaceModel.swift */,
				478D1C37215DF4D800F0784A /* TaggedPlaceModel.swift */,
				478D1C23215A46AD00F0784A /* TaggedPlacesResponseModel.swift */,
			);
			path = Models;
			sourceTree = "<group>";
		};
		478D1C34215D60E600F0784A /* ViewControllers */ = {
			isa = PBXGroup;
			children = (
				478D1C2D215D3EFF00F0784A /* DetailsTableViewController.swift */,
				478D1C29215CF0CF00F0784A /* ListTableViewController.swift */,
				47212FDC2156512C00FA2DAC /* LoginViewController.swift */,
				47F68EF12156A7F100C64FF5 /* LogoutViewController.swift */,
				47212FDE2156512C00FA2DAC /* Main.storyboard */,
				47C51B2121592EE900F13ECE /* MapViewController.swift */,
				47C8513E2156B91A00CF7DE2 /* MyTabBarController.swift */,
			);
			path = ViewControllers;
			sourceTree = "<group>";
		};
		478D1C35215D611A00F0784A /* Resources */ = {
			isa = PBXGroup;
			children = (
				47212FE12156512D00FA2DAC /* Assets.xcassets */,
				47212FE32156512D00FA2DAC /* LaunchScreen.storyboard */,
			);
			path = Resources;
			sourceTree = "<group>";
		};
		478D1C36215D613000F0784A /* Helpers */ = {
			isa = PBXGroup;
			children = (
				478D1C2F215D5A7F00F0784A /* DateExtension.swift */,
				478D1C27215BB6C300F0784A /* NotificationExtension.swift */,
				478D1C31215D5C2200F0784A /* StringExtension.swift */,
			);
			path = Helpers;
			sourceTree = "<group>";
		};
		478D1C472161090000F0784A /* Cells */ = {
			isa = PBXGroup;
			children = (
				478D1C43215F8C8700F0784A /* MainTableViewCell.swift */,
				478D1C452160BE2700F0784A /* NothingFoundTableViewCell.swift */,
				478D1C482161093600F0784A /* MapTableViewCell.swift */,
				478D1C4A2161095500F0784A /* DetailTableViewCell.swift */,
			);
			path = Cells;
			sourceTree = "<group>";
		};
		8E271CC4EB8A149E087B0122 /* Frameworks */ = {
			isa = PBXGroup;
			children = (
				4390CC31A991098F259CD662 /* Pods_CheckInKeeper.framework */,
			);
			name = Frameworks;
			sourceTree = "<group>";
		};
		E6EC32C785234C3000B4F8A3 /* Pods */ = {
			isa = PBXGroup;
			children = (
				2A97B7B00D9651512F810915 /* Pods-CheckInKeeper.debug.xcconfig */,
				0A61A8FBC83316433720D49E /* Pods-CheckInKeeper.release.xcconfig */,
			);
			name = Pods;
			sourceTree = "<group>";
		};
/* End PBXGroup section */

/* Begin PBXNativeTarget section */
		47212FD62156512C00FA2DAC /* CheckInKeeper */ = {
			isa = PBXNativeTarget;
			buildConfigurationList = 47212FE92156512D00FA2DAC /* Build configuration list for PBXNativeTarget "CheckInKeeper" */;
			buildPhases = (
				BFC253848653D5AC598D8D51 /* [CP] Check Pods Manifest.lock */,
				47212FD32156512C00FA2DAC /* Sources */,
				47212FD42156512C00FA2DAC /* Frameworks */,
				47212FD52156512C00FA2DAC /* Resources */,
				49B93B955DD3511EE8B20818 /* [CP] Embed Pods Frameworks */,
				C33B9EE409290BCC6FA7EF7B /* [CP] Copy Pods Resources */,
			);
			buildRules = (
			);
			dependencies = (
			);
			name = CheckInKeeper;
			productName = CheckInKeeper;
			productReference = 47212FD72156512C00FA2DAC /* CheckInKeeper.app */;
			productType = "com.apple.product-type.application";
		};
/* End PBXNativeTarget section */

/* Begin PBXProject section */
		47212FCF2156512C00FA2DAC /* Project object */ = {
			isa = PBXProject;
			attributes = {
				LastSwiftUpdateCheck = 1000;
				LastUpgradeCheck = 1000;
				ORGANIZATIONNAME = "Mihaela Simion";
				TargetAttributes = {
					47212FD62156512C00FA2DAC = {
						CreatedOnToolsVersion = 10.0;
					};
				};
			};
			buildConfigurationList = 47212FD22156512C00FA2DAC /* Build configuration list for PBXProject "CheckInKeeper" */;
			compatibilityVersion = "Xcode 9.3";
			developmentRegion = en;
			hasScannedForEncodings = 0;
			knownRegions = (
				en,
				Base,
			);
			mainGroup = 47212FCE2156512C00FA2DAC;
			productRefGroup = 47212FD82156512C00FA2DAC /* Products */;
			projectDirPath = "";
			projectRoot = "";
			targets = (
				47212FD62156512C00FA2DAC /* CheckInKeeper */,
			);
		};
/* End PBXProject section */

/* Begin PBXResourcesBuildPhase section */
		47212FD52156512C00FA2DAC /* Resources */ = {
			isa = PBXResourcesBuildPhase;
			buildActionMask = 2147483647;
			files = (
				47212FE52156512D00FA2DAC /* LaunchScreen.storyboard in Resources */,
				47212FE22156512D00FA2DAC /* Assets.xcassets in Resources */,
				47212FE02156512C00FA2DAC /* Main.storyboard in Resources */,
			);
			runOnlyForDeploymentPostprocessing = 0;
		};
/* End PBXResourcesBuildPhase section */

/* Begin PBXShellScriptBuildPhase section */
		49B93B955DD3511EE8B20818 /* [CP] Embed Pods Frameworks */ = {
			isa = PBXShellScriptBuildPhase;
			buildActionMask = 2147483647;
			files = (
			);
			inputFileListPaths = (
			);
			inputPaths = (
				"${SRCROOT}/Pods/Target Support Files/Pods-CheckInKeeper/Pods-CheckInKeeper-frameworks.sh",
				"${BUILT_PRODUCTS_DIR}/Bolts/Bolts.framework",
				"${BUILT_PRODUCTS_DIR}/FBSDKCoreKit/FBSDKCoreKit.framework",
				"${BUILT_PRODUCTS_DIR}/FBSDKLoginKit/FBSDKLoginKit.framework",
				"${BUILT_PRODUCTS_DIR}/FBSDKShareKit/FBSDKShareKit.framework",
				"${BUILT_PRODUCTS_DIR}/FacebookCore/FacebookCore.framework",
				"${BUILT_PRODUCTS_DIR}/FacebookLogin/FacebookLogin.framework",
				"${BUILT_PRODUCTS_DIR}/FacebookShare/FacebookShare.framework",
			);
			name = "[CP] Embed Pods Frameworks";
			outputFileListPaths = (
			);
			outputPaths = (
				"${TARGET_BUILD_DIR}/${FRAMEWORKS_FOLDER_PATH}/Bolts.framework",
				"${TARGET_BUILD_DIR}/${FRAMEWORKS_FOLDER_PATH}/FBSDKCoreKit.framework",
				"${TARGET_BUILD_DIR}/${FRAMEWORKS_FOLDER_PATH}/FBSDKLoginKit.framework",
				"${TARGET_BUILD_DIR}/${FRAMEWORKS_FOLDER_PATH}/FBSDKShareKit.framework",
				"${TARGET_BUILD_DIR}/${FRAMEWORKS_FOLDER_PATH}/FacebookCore.framework",
				"${TARGET_BUILD_DIR}/${FRAMEWORKS_FOLDER_PATH}/FacebookLogin.framework",
				"${TARGET_BUILD_DIR}/${FRAMEWORKS_FOLDER_PATH}/FacebookShare.framework",
			);
			runOnlyForDeploymentPostprocessing = 0;
			shellPath = /bin/sh;
			shellScript = "\"${SRCROOT}/Pods/Target Support Files/Pods-CheckInKeeper/Pods-CheckInKeeper-frameworks.sh\"\n";
			showEnvVarsInLog = 0;
		};
		BFC253848653D5AC598D8D51 /* [CP] Check Pods Manifest.lock */ = {
			isa = PBXShellScriptBuildPhase;
			buildActionMask = 2147483647;
			files = (
			);
			inputFileListPaths = (
			);
			inputPaths = (
				"${PODS_PODFILE_DIR_PATH}/Podfile.lock",
				"${PODS_ROOT}/Manifest.lock",
			);
			name = "[CP] Check Pods Manifest.lock";
			outputFileListPaths = (
			);
			outputPaths = (
				"$(DERIVED_FILE_DIR)/Pods-CheckInKeeper-checkManifestLockResult.txt",
			);
			runOnlyForDeploymentPostprocessing = 0;
			shellPath = /bin/sh;
			shellScript = "diff \"${PODS_PODFILE_DIR_PATH}/Podfile.lock\" \"${PODS_ROOT}/Manifest.lock\" > /dev/null\nif [ $? != 0 ] ; then\n    # print error to STDERR\n    echo \"error: The sandbox is not in sync with the Podfile.lock. Run 'pod install' or update your CocoaPods installation.\" >&2\n    exit 1\nfi\n# This output is used by Xcode 'outputs' to avoid re-running this script phase.\necho \"SUCCESS\" > \"${SCRIPT_OUTPUT_FILE_0}\"\n";
			showEnvVarsInLog = 0;
		};
		C33B9EE409290BCC6FA7EF7B /* [CP] Copy Pods Resources */ = {
			isa = PBXShellScriptBuildPhase;
			buildActionMask = 2147483647;
			files = (
			);
			inputFileListPaths = (
			);
			inputPaths = (
				"${SRCROOT}/Pods/Target Support Files/Pods-CheckInKeeper/Pods-CheckInKeeper-resources.sh",
				"${PODS_ROOT}/GoogleMaps/Maps/Frameworks/GoogleMaps.framework/Resources/GoogleMaps.bundle",
				"${PODS_ROOT}/GooglePlaces/Frameworks/GooglePlaces.framework/Resources/GooglePlaces.bundle",
			);
			name = "[CP] Copy Pods Resources";
			outputFileListPaths = (
			);
			outputPaths = (
				"${TARGET_BUILD_DIR}/${UNLOCALIZED_RESOURCES_FOLDER_PATH}/GoogleMaps.bundle",
				"${TARGET_BUILD_DIR}/${UNLOCALIZED_RESOURCES_FOLDER_PATH}/GooglePlaces.bundle",
			);
			runOnlyForDeploymentPostprocessing = 0;
			shellPath = /bin/sh;
			shellScript = "\"${SRCROOT}/Pods/Target Support Files/Pods-CheckInKeeper/Pods-CheckInKeeper-resources.sh\"\n";
			showEnvVarsInLog = 0;
		};
/* End PBXShellScriptBuildPhase section */

/* Begin PBXSourcesBuildPhase section */
		47212FD32156512C00FA2DAC /* Sources */ = {
			isa = PBXSourcesBuildPhase;
			buildActionMask = 2147483647;
			files = (
				47212FDD2156512C00FA2DAC /* LoginViewController.swift in Sources */,
				478D1C24215A46AD00F0784A /* TaggedPlacesResponseModel.swift in Sources */,
				478D1C492161093600F0784A /* MapTableViewCell.swift in Sources */,
				478D1C28215BB6C300F0784A /* NotificationExtension.swift in Sources */,
				47C8513F2156B91A00CF7DE2 /* MyTabBarController.swift in Sources */,
				478D1C26215A5EE500F0784A /* MyProfileRequest.swift in Sources */,
				47F68EF22156A7F100C64FF5 /* LogoutViewController.swift in Sources */,
				478D1C38215DF4D800F0784A /* TaggedPlaceModel.swift in Sources */,
				478D1C30215D5A7F00F0784A /* DateExtension.swift in Sources */,
				478D1C2E215D3EFF00F0784A /* DetailsTableViewController.swift in Sources */,
				478D1C32215D5C2200F0784A /* StringExtension.swift in Sources */,
				478D1C44215F8C8700F0784A /* MainTableViewCell.swift in Sources */,
				478D1C2A215CF0CF00F0784A /* ListTableViewController.swift in Sources */,
				478D1C3A215DF54D00F0784A /* PlaceModel.swift in Sources */,
				47C51B2221592EE900F13ECE /* MapViewController.swift in Sources */,
				478D1C3C215DF56400F0784A /* LocationModel.swift in Sources */,
				47212FDB2156512C00FA2DAC /* AppDelegate.swift in Sources */,
				478D1C462160BE2700F0784A /* NothingFoundTableViewCell.swift in Sources */,
				478D1C4B2161095500F0784A /* DetailTableViewCell.swift in Sources */,
			);
			runOnlyForDeploymentPostprocessing = 0;
		};
/* End PBXSourcesBuildPhase section */

/* Begin PBXVariantGroup section */
		47212FDE2156512C00FA2DAC /* Main.storyboard */ = {
			isa = PBXVariantGroup;
			children = (
				47212FDF2156512C00FA2DAC /* Base */,
			);
			name = Main.storyboard;
			sourceTree = "<group>";
		};
		47212FE32156512D00FA2DAC /* LaunchScreen.storyboard */ = {
			isa = PBXVariantGroup;
			children = (
				47212FE42156512D00FA2DAC /* Base */,
			);
			name = LaunchScreen.storyboard;
			sourceTree = "<group>";
		};
/* End PBXVariantGroup section */

/* Begin XCBuildConfiguration section */
		47212FE72156512D00FA2DAC /* Debug */ = {
			isa = XCBuildConfiguration;
			buildSettings = {
				ALWAYS_SEARCH_USER_PATHS = NO;
				CLANG_ANALYZER_NONNULL = YES;
				CLANG_ANALYZER_NUMBER_OBJECT_CONVERSION = YES_AGGRESSIVE;
				CLANG_CXX_LANGUAGE_STANDARD = "gnu++14";
				CLANG_CXX_LIBRARY = "libc++";
				CLANG_ENABLE_MODULES = YES;
				CLANG_ENABLE_OBJC_ARC = YES;
				CLANG_ENABLE_OBJC_WEAK = YES;
				CLANG_WARN_BLOCK_CAPTURE_AUTORELEASING = YES;
				CLANG_WARN_BOOL_CONVERSION = YES;
				CLANG_WARN_COMMA = YES;
				CLANG_WARN_CONSTANT_CONVERSION = YES;
				CLANG_WARN_DEPRECATED_OBJC_IMPLEMENTATIONS = YES;
				CLANG_WARN_DIRECT_OBJC_ISA_USAGE = YES_ERROR;
				CLANG_WARN_DOCUMENTATION_COMMENTS = YES;
				CLANG_WARN_EMPTY_BODY = YES;
				CLANG_WARN_ENUM_CONVERSION = YES;
				CLANG_WARN_INFINITE_RECURSION = YES;
				CLANG_WARN_INT_CONVERSION = YES;
				CLANG_WARN_NON_LITERAL_NULL_CONVERSION = YES;
				CLANG_WARN_OBJC_IMPLICIT_RETAIN_SELF = YES;
				CLANG_WARN_OBJC_LITERAL_CONVERSION = YES;
				CLANG_WARN_OBJC_ROOT_CLASS = YES_ERROR;
				CLANG_WARN_RANGE_LOOP_ANALYSIS = YES;
				CLANG_WARN_STRICT_PROTOTYPES = YES;
				CLANG_WARN_SUSPICIOUS_MOVE = YES;
				CLANG_WARN_UNGUARDED_AVAILABILITY = YES_AGGRESSIVE;
				CLANG_WARN_UNREACHABLE_CODE = YES;
				CLANG_WARN__DUPLICATE_METHOD_MATCH = YES;
				CODE_SIGN_IDENTITY = "iPhone Developer";
				COPY_PHASE_STRIP = NO;
				DEBUG_INFORMATION_FORMAT = dwarf;
				ENABLE_STRICT_OBJC_MSGSEND = YES;
				ENABLE_TESTABILITY = YES;
				GCC_C_LANGUAGE_STANDARD = gnu11;
				GCC_DYNAMIC_NO_PIC = NO;
				GCC_NO_COMMON_BLOCKS = YES;
				GCC_OPTIMIZATION_LEVEL = 0;
				GCC_PREPROCESSOR_DEFINITIONS = (
					"DEBUG=1",
					"$(inherited)",
				);
				GCC_WARN_64_TO_32_BIT_CONVERSION = YES;
				GCC_WARN_ABOUT_RETURN_TYPE = YES_ERROR;
				GCC_WARN_UNDECLARED_SELECTOR = YES;
				GCC_WARN_UNINITIALIZED_AUTOS = YES_AGGRESSIVE;
				GCC_WARN_UNUSED_FUNCTION = YES;
				GCC_WARN_UNUSED_VARIABLE = YES;
				IPHONEOS_DEPLOYMENT_TARGET = 12.0;
				MTL_ENABLE_DEBUG_INFO = INCLUDE_SOURCE;
				MTL_FAST_MATH = YES;
				ONLY_ACTIVE_ARCH = YES;
				SDKROOT = iphoneos;
				SWIFT_ACTIVE_COMPILATION_CONDITIONS = DEBUG;
				SWIFT_OPTIMIZATION_LEVEL = "-Onone";
			};
			name = Debug;
		};
		47212FE82156512D00FA2DAC /* Release */ = {
			isa = XCBuildConfiguration;
			buildSettings = {
				ALWAYS_SEARCH_USER_PATHS = NO;
				CLANG_ANALYZER_NONNULL = YES;
				CLANG_ANALYZER_NUMBER_OBJECT_CONVERSION = YES_AGGRESSIVE;
				CLANG_CXX_LANGUAGE_STANDARD = "gnu++14";
				CLANG_CXX_LIBRARY = "libc++";
				CLANG_ENABLE_MODULES = YES;
				CLANG_ENABLE_OBJC_ARC = YES;
				CLANG_ENABLE_OBJC_WEAK = YES;
				CLANG_WARN_BLOCK_CAPTURE_AUTORELEASING = YES;
				CLANG_WARN_BOOL_CONVERSION = YES;
				CLANG_WARN_COMMA = YES;
				CLANG_WARN_CONSTANT_CONVERSION = YES;
				CLANG_WARN_DEPRECATED_OBJC_IMPLEMENTATIONS = YES;
				CLANG_WARN_DIRECT_OBJC_ISA_USAGE = YES_ERROR;
				CLANG_WARN_DOCUMENTATION_COMMENTS = YES;
				CLANG_WARN_EMPTY_BODY = YES;
				CLANG_WARN_ENUM_CONVERSION = YES;
				CLANG_WARN_INFINITE_RECURSION = YES;
				CLANG_WARN_INT_CONVERSION = YES;
				CLANG_WARN_NON_LITERAL_NULL_CONVERSION = YES;
				CLANG_WARN_OBJC_IMPLICIT_RETAIN_SELF = YES;
				CLANG_WARN_OBJC_LITERAL_CONVERSION = YES;
				CLANG_WARN_OBJC_ROOT_CLASS = YES_ERROR;
				CLANG_WARN_RANGE_LOOP_ANALYSIS = YES;
				CLANG_WARN_STRICT_PROTOTYPES = YES;
				CLANG_WARN_SUSPICIOUS_MOVE = YES;
				CLANG_WARN_UNGUARDED_AVAILABILITY = YES_AGGRESSIVE;
				CLANG_WARN_UNREACHABLE_CODE = YES;
				CLANG_WARN__DUPLICATE_METHOD_MATCH = YES;
				CODE_SIGN_IDENTITY = "iPhone Developer";
				COPY_PHASE_STRIP = NO;
				DEBUG_INFORMATION_FORMAT = "dwarf-with-dsym";
				ENABLE_NS_ASSERTIONS = NO;
				ENABLE_STRICT_OBJC_MSGSEND = YES;
				GCC_C_LANGUAGE_STANDARD = gnu11;
				GCC_NO_COMMON_BLOCKS = YES;
				GCC_WARN_64_TO_32_BIT_CONVERSION = YES;
				GCC_WARN_ABOUT_RETURN_TYPE = YES_ERROR;
				GCC_WARN_UNDECLARED_SELECTOR = YES;
				GCC_WARN_UNINITIALIZED_AUTOS = YES_AGGRESSIVE;
				GCC_WARN_UNUSED_FUNCTION = YES;
				GCC_WARN_UNUSED_VARIABLE = YES;
				IPHONEOS_DEPLOYMENT_TARGET = 12.0;
				MTL_ENABLE_DEBUG_INFO = NO;
				MTL_FAST_MATH = YES;
				SDKROOT = iphoneos;
				SWIFT_COMPILATION_MODE = wholemodule;
				SWIFT_OPTIMIZATION_LEVEL = "-O";
				VALIDATE_PRODUCT = YES;
			};
			name = Release;
		};
		47212FEA2156512D00FA2DAC /* Debug */ = {
			isa = XCBuildConfiguration;
			baseConfigurationReference = 2A97B7B00D9651512F810915 /* Pods-CheckInKeeper.debug.xcconfig */;
			buildSettings = {
				ASSETCATALOG_COMPILER_APPICON_NAME = AppIcon;
				CODE_SIGN_STYLE = Automatic;
				DEVELOPMENT_TEAM = 8C5P567C39;
				INFOPLIST_FILE = CheckInKeeper/Info.plist;
				LD_RUNPATH_SEARCH_PATHS = (
					"$(inherited)",
					"@executable_path/Frameworks",
				);
				PRODUCT_BUNDLE_IDENTIFIER = com.mihaelaSi.CheckInKeeper;
				PRODUCT_NAME = "$(TARGET_NAME)";
				SWIFT_VERSION = 4.2;
				TARGETED_DEVICE_FAMILY = "1,2";
			};
			name = Debug;
		};
		47212FEB2156512D00FA2DAC /* Release */ = {
			isa = XCBuildConfiguration;
			baseConfigurationReference = 0A61A8FBC83316433720D49E /* Pods-CheckInKeeper.release.xcconfig */;
			buildSettings = {
				ASSETCATALOG_COMPILER_APPICON_NAME = AppIcon;
				CODE_SIGN_STYLE = Automatic;
				DEVELOPMENT_TEAM = 8C5P567C39;
				INFOPLIST_FILE = CheckInKeeper/Info.plist;
				LD_RUNPATH_SEARCH_PATHS = (
					"$(inherited)",
					"@executable_path/Frameworks",
				);
				PRODUCT_BUNDLE_IDENTIFIER = com.mihaelaSi.CheckInKeeper;
				PRODUCT_NAME = "$(TARGET_NAME)";
				SWIFT_VERSION = 4.2;
				TARGETED_DEVICE_FAMILY = "1,2";
			};
			name = Release;
		};
/* End XCBuildConfiguration section */

/* Begin XCConfigurationList section */
		47212FD22156512C00FA2DAC /* Build configuration list for PBXProject "CheckInKeeper" */ = {
			isa = XCConfigurationList;
			buildConfigurations = (
				47212FE72156512D00FA2DAC /* Debug */,
				47212FE82156512D00FA2DAC /* Release */,
			);
			defaultConfigurationIsVisible = 0;
			defaultConfigurationName = Release;
		};
		47212FE92156512D00FA2DAC /* Build configuration list for PBXNativeTarget "CheckInKeeper" */ = {
			isa = XCConfigurationList;
			buildConfigurations = (
				47212FEA2156512D00FA2DAC /* Debug */,
				47212FEB2156512D00FA2DAC /* Release */,
			);
			defaultConfigurationIsVisible = 0;
			defaultConfigurationName = Release;
		};
/* End XCConfigurationList section */
	};
	rootObject = 47212FCF2156512C00FA2DAC /* Project object */;
}
